
Microsoft Visual Studio Solution File, Format Version 12.00
# Visual Studio Version 17
VisualStudioVersion = 17.2.32526.322
MinimumVisualStudioVersion = 10.0.40219.1
Project("{FAE04EC0-301F-11D3-BF4B-00C04F79EFBC}") = "Lesson6", "Lesson6.csproj", "{93A5F0DE-B547-4F20-801F-8B00F0CD36EF}"
EndProject
Project("{FAE04EC0-301F-11D3-BF4B-00C04F79EFBC}") = "IvanUtils", "..\IvanUtils\IvanUtils.csproj", "{E3C69BE7-D3CF-42BC-A93C-1E091800A11F}"
EndProject
Global
	GlobalSection(SolutionConfigurationPlatforms) = preSolution
		Debug|Any CPU = Debug|Any CPU
		Release|Any CPU = Release|Any CPU
	EndGlobalSection
	GlobalSection(ProjectConfigurationPlatforms) = postSolution
		{93A5F0DE-B547-4F20-801F-8B00F0CD36EF}.Debug|Any CPU.ActiveCfg = Debug|Any CPU
		{93A5F0DE-B547-4F20-801F-8B00F0CD36EF}.Debug|Any CPU.Build.0 = Debug|Any CPU
		{93A5F0DE-B547-4F20-801F-8B00F0CD36EF}.Release|Any CPU.ActiveCfg = Release|Any CPU
		{93A5F0DE-B547-4F20-801F-8B00F0CD36EF}.Release|Any CPU.Build.0 = Release|Any CPU
		{E3C69BE7-D3CF-42BC-A93C-1E091800A11F}.Debug|Any CPU.ActiveCfg = Debug|Any CPU
		{E3C69BE7-D3CF-42BC-A93C-1E091800A11F}.Debug|Any CPU.Build.0 = Debug|Any CPU
		{E3C69BE7-D3CF-42BC-A93C-1E091800A11F}.Release|Any CPU.ActiveCfg = Release|Any CPU
		{E3C69BE7-D3CF-42BC-A93C-1E091800A11F}.Release|Any CPU.Build.0 = Release|Any CPU
	EndGlobalSection
	GlobalSection(SolutionProperties) = preSolution
		HideSolutionNode = FALSE
	EndGlobalSection
	GlobalSection(ExtensibilityGlobals) = postSolution
		SolutionGuid = {2339E760-D02A-447E-9E66-932F58A85603}
	EndGlobalSection
EndGlobal
