
Microsoft Visual Studio Solution File, Format Version 12.00
# Visual Studio Version 17
VisualStudioVersion = 17.2.32526.322
MinimumVisualStudioVersion = 10.0.40219.1
Project("{FAE04EC0-301F-11D3-BF4B-00C04F79EFBC}") = "Lesson7.2", "Lesson7.2.csproj", "{3EE5ED1E-E444-43A0-83BC-C86102EA6096}"
EndProject
Global
	GlobalSection(SolutionConfigurationPlatforms) = preSolution
		Debug|Any CPU = Debug|Any CPU
		Release|Any CPU = Release|Any CPU
	EndGlobalSection
	GlobalSection(ProjectConfigurationPlatforms) = postSolution
		{3EE5ED1E-E444-43A0-83BC-C86102EA6096}.Debug|Any CPU.ActiveCfg = Debug|Any CPU
		{3EE5ED1E-E444-43A0-83BC-C86102EA6096}.Debug|Any CPU.Build.0 = Debug|Any CPU
		{3EE5ED1E-E444-43A0-83BC-C86102EA6096}.Release|Any CPU.ActiveCfg = Release|Any CPU
		{3EE5ED1E-E444-43A0-83BC-C86102EA6096}.Release|Any CPU.Build.0 = Release|Any CPU
	EndGlobalSection
	GlobalSection(SolutionProperties) = preSolution
		HideSolutionNode = FALSE
	EndGlobalSection
	GlobalSection(ExtensibilityGlobals) = postSolution
		SolutionGuid = {8F541CA8-E553-43FD-BED2-B5D5E4945BE9}
	EndGlobalSection
EndGlobal
