
Microsoft Visual Studio Solution File, Format Version 12.00
# Visual Studio Version 17
VisualStudioVersion = 17.2.32616.157
MinimumVisualStudioVersion = 10.0.40219.1
Project("{FAE04EC0-301F-11D3-BF4B-00C04F79EFBC}") = "Lesson8.1", "Lesson8.1.csproj", "{1ECCFFDA-A47C-45EA-A94E-16BE9808BF3F}"
EndProject
Project("{FAE04EC0-301F-11D3-BF4B-00C04F79EFBC}") = "Lesson8.2", "..\Lesson8.2\Lesson8.2.csproj", "{CD978071-F7FE-4062-A943-ACD590AFFDC8}"
EndProject
Global
	GlobalSection(SolutionConfigurationPlatforms) = preSolution
		Debug|Any CPU = Debug|Any CPU
		Release|Any CPU = Release|Any CPU
	EndGlobalSection
	GlobalSection(ProjectConfigurationPlatforms) = postSolution
		{1ECCFFDA-A47C-45EA-A94E-16BE9808BF3F}.Debug|Any CPU.ActiveCfg = Debug|Any CPU
		{1ECCFFDA-A47C-45EA-A94E-16BE9808BF3F}.Debug|Any CPU.Build.0 = Debug|Any CPU
		{1ECCFFDA-A47C-45EA-A94E-16BE9808BF3F}.Release|Any CPU.ActiveCfg = Release|Any CPU
		{1ECCFFDA-A47C-45EA-A94E-16BE9808BF3F}.Release|Any CPU.Build.0 = Release|Any CPU
		{CD978071-F7FE-4062-A943-ACD590AFFDC8}.Debug|Any CPU.ActiveCfg = Debug|Any CPU
		{CD978071-F7FE-4062-A943-ACD590AFFDC8}.Debug|Any CPU.Build.0 = Debug|Any CPU
		{CD978071-F7FE-4062-A943-ACD590AFFDC8}.Release|Any CPU.ActiveCfg = Release|Any CPU
		{CD978071-F7FE-4062-A943-ACD590AFFDC8}.Release|Any CPU.Build.0 = Release|Any CPU
	EndGlobalSection
	GlobalSection(SolutionProperties) = preSolution
		HideSolutionNode = FALSE
	EndGlobalSection
	GlobalSection(ExtensibilityGlobals) = postSolution
		SolutionGuid = {5E2C5A93-D073-46F4-8410-9F1B900D0324}
	EndGlobalSection
EndGlobal
